
Microsoft Visual Studio Solution File, Format Version 12.00
# Visual Studio Version 16
VisualStudioVersion = 16.0.28803.352
MinimumVisualStudioVersion = 10.0.40219.1
Project("{FAE04EC0-301F-11D3-BF4B-00C04F79EFBC}") = "NasaBackgroundWPF", "NasaBackgroundWPF\NasaBackgroundWPF.csproj", "{A85815AE-A666-4F4D-8CE9-5DC8F79A77A1}"
EndProject
Global
	GlobalSection(SolutionConfigurationPlatforms) = preSolution
		Debug|Any CPU = Debug|Any CPU
		Release|Any CPU = Release|Any CPU
	EndGlobalSection
	GlobalSection(ProjectConfigurationPlatforms) = postSolution
		{A85815AE-A666-4F4D-8CE9-5DC8F79A77A1}.Debug|Any CPU.ActiveCfg = Debug|Any CPU
		{A85815AE-A666-4F4D-8CE9-5DC8F79A77A1}.Debug|Any CPU.Build.0 = Debug|Any CPU
		{A85815AE-A666-4F4D-8CE9-5DC8F79A77A1}.Release|Any CPU.ActiveCfg = Release|Any CPU
		{A85815AE-A666-4F4D-8CE9-5DC8F79A77A1}.Release|Any CPU.Build.0 = Release|Any CPU
	EndGlobalSection
	GlobalSection(SolutionProperties) = preSolution
		HideSolutionNode = FALSE
	EndGlobalSection
	GlobalSection(ExtensibilityGlobals) = postSolution
		SolutionGuid = {60B71A84-0583-4812-BE9D-7999D2E8353B}
	EndGlobalSection
EndGlobal
